
Microsoft Visual Studio Solution File, Format Version 12.00
# Visual Studio Version 17
VisualStudioVersion = 17.8.34525.116
MinimumVisualStudioVersion = 10.0.40219.1
Project("{FAE04EC0-301F-11D3-BF4B-00C04F79EFBC}") = "EpicBookstore", "EpicBookstore.csproj", "{571D0683-748B-47B4-8DB5-6289DFF2F100}"
EndProject
Global
	GlobalSection(SolutionConfigurationPlatforms) = preSolution
		Debug|Any CPU = Debug|Any CPU
		Release|Any CPU = Release|Any CPU
	EndGlobalSection
	GlobalSection(ProjectConfigurationPlatforms) = postSolution
		{571D0683-748B-47B4-8DB5-6289DFF2F100}.Debug|Any CPU.ActiveCfg = Debug|Any CPU
		{571D0683-748B-47B4-8DB5-6289DFF2F100}.Debug|Any CPU.Build.0 = Debug|Any CPU
		{571D0683-748B-47B4-8DB5-6289DFF2F100}.Release|Any CPU.ActiveCfg = Release|Any CPU
		{571D0683-748B-47B4-8DB5-6289DFF2F100}.Release|Any CPU.Build.0 = Release|Any CPU
	EndGlobalSection
	GlobalSection(SolutionProperties) = preSolution
		HideSolutionNode = FALSE
	EndGlobalSection
	GlobalSection(ExtensibilityGlobals) = postSolution
		SolutionGuid = {89E3C9DD-6A26-471E-8E79-9FB3D1965F62}
	EndGlobalSection
EndGlobal
